
Microsoft Visual Studio Solution File, Format Version 12.00
# Visual Studio Version 17
VisualStudioVersion = 17.14.36414.22
MinimumVisualStudioVersion = 10.0.40219.1
Project("{FAE04EC0-301F-11D3-BF4B-00C04F79EFBC}") = "DanMuPan.API", "DanMuPan.API\DanMuPan.API.csproj", "{98AF7BE8-40F8-41E8-A538-5D73191B431C}"
EndProject
Project("{2150E333-8FDC-42A3-9474-1A3956D46DE8}") = "Src", "Src", "{02EA681E-C7D8-13C7-8484-4AC65E1B71E8}"
EndProject
Project("{FAE04EC0-301F-11D3-BF4B-00C04F79EFBC}") = "DanMu.Pan.Data", "DanMu.Pan.Data\DanMu.Pan.Data.csproj", "{DB13435B-87AB-4086-82AE-E2CAF89CD7F9}"
EndProject
Project("{FAE04EC0-301F-11D3-BF4B-00C04F79EFBC}") = "DanMu.Pan.Domain", "DanMu.Pan.Domain\DanMu.Pan.Domain.csproj", "{68205533-2321-4ECB-8FC6-73B4E6095C4D}"
EndProject
Project("{FAE04EC0-301F-11D3-BF4B-00C04F79EFBC}") = "DanMu.Pan.MediatR", "DanMu.Pan.MediatR\DanMu.Pan.MediatR.csproj", "{03A83170-91D4-4A3F-9DEF-480AF80D3270}"
EndProject
Project("{FAE04EC0-301F-11D3-BF4B-00C04F79EFBC}") = "DanMu.Pan.Repository", "DanMu.Pan.Repository\DanMu.Pan.Repository.csproj", "{13EE13FB-E1DB-4422-B4B4-2E8F38CB0650}"
EndProject
Project("{2150E333-8FDC-42A3-9474-1A3956D46DE8}") = "Client", "Client", "{EF79392B-611B-491C-9864-E0228EDE4B67}"
EndProject
Project("{FAE04EC0-301F-11D3-BF4B-00C04F79EFBC}") = "DanMu.Pan.Helper", "DanMu.Pan.Helper\DanMu.Pan.Helper.csproj", "{7B507E50-EAE0-4452-9D88-4B064A9C8C25}"
EndProject
Project("{2150E333-8FDC-42A3-9474-1A3956D46DE8}") = "Test", "Test", "{AC83C850-6982-47ED-AE90-B331A1BB0185}"
EndProject
Project("{FAE04EC0-301F-11D3-BF4B-00C04F79EFBC}") = "DanMu.Pan.ServiceTest", "DanMu.Pan.ServiceTest\DanMu.Pan.ServiceTest.csproj", "{BBFAA788-DB8B-42F6-9E01-49FE9C4260AB}"
EndProject
Project("{FAE04EC0-301F-11D3-BF4B-00C04F79EFBC}") = "DanMu.Pan.ControllerTest", "DanMu.Pan.ControllerTest\DanMu.Pan.ControllerTest.csproj", "{E2BC13ED-48CC-43BF-A9AE-DE11CA980F7D}"
EndProject
Global
	GlobalSection(SolutionConfigurationPlatforms) = preSolution
		Debug|Any CPU = Debug|Any CPU
		Release|Any CPU = Release|Any CPU
	EndGlobalSection
	GlobalSection(ProjectConfigurationPlatforms) = postSolution
		{98AF7BE8-40F8-41E8-A538-5D73191B431C}.Debug|Any CPU.ActiveCfg = Debug|Any CPU
		{98AF7BE8-40F8-41E8-A538-5D73191B431C}.Debug|Any CPU.Build.0 = Debug|Any CPU
		{98AF7BE8-40F8-41E8-A538-5D73191B431C}.Release|Any CPU.ActiveCfg = Release|Any CPU
		{98AF7BE8-40F8-41E8-A538-5D73191B431C}.Release|Any CPU.Build.0 = Release|Any CPU
		{DB13435B-87AB-4086-82AE-E2CAF89CD7F9}.Debug|Any CPU.ActiveCfg = Debug|Any CPU
		{DB13435B-87AB-4086-82AE-E2CAF89CD7F9}.Debug|Any CPU.Build.0 = Debug|Any CPU
		{DB13435B-87AB-4086-82AE-E2CAF89CD7F9}.Release|Any CPU.ActiveCfg = Release|Any CPU
		{DB13435B-87AB-4086-82AE-E2CAF89CD7F9}.Release|Any CPU.Build.0 = Release|Any CPU
		{68205533-2321-4ECB-8FC6-73B4E6095C4D}.Debug|Any CPU.ActiveCfg = Debug|Any CPU
		{68205533-2321-4ECB-8FC6-73B4E6095C4D}.Debug|Any CPU.Build.0 = Debug|Any CPU
		{68205533-2321-4ECB-8FC6-73B4E6095C4D}.Release|Any CPU.ActiveCfg = Release|Any CPU
		{68205533-2321-4ECB-8FC6-73B4E6095C4D}.Release|Any CPU.Build.0 = Release|Any CPU
		{03A83170-91D4-4A3F-9DEF-480AF80D3270}.Debug|Any CPU.ActiveCfg = Debug|Any CPU
		{03A83170-91D4-4A3F-9DEF-480AF80D3270}.Debug|Any CPU.Build.0 = Debug|Any CPU
		{03A83170-91D4-4A3F-9DEF-480AF80D3270}.Release|Any CPU.ActiveCfg = Release|Any CPU
		{03A83170-91D4-4A3F-9DEF-480AF80D3270}.Release|Any CPU.Build.0 = Release|Any CPU
		{13EE13FB-E1DB-4422-B4B4-2E8F38CB0650}.Debug|Any CPU.ActiveCfg = Debug|Any CPU
		{13EE13FB-E1DB-4422-B4B4-2E8F38CB0650}.Debug|Any CPU.Build.0 = Debug|Any CPU
		{13EE13FB-E1DB-4422-B4B4-2E8F38CB0650}.Release|Any CPU.ActiveCfg = Release|Any CPU
		{13EE13FB-E1DB-4422-B4B4-2E8F38CB0650}.Release|Any CPU.Build.0 = Release|Any CPU
		{7B507E50-EAE0-4452-9D88-4B064A9C8C25}.Debug|Any CPU.ActiveCfg = Debug|Any CPU
		{7B507E50-EAE0-4452-9D88-4B064A9C8C25}.Debug|Any CPU.Build.0 = Debug|Any CPU
		{7B507E50-EAE0-4452-9D88-4B064A9C8C25}.Release|Any CPU.ActiveCfg = Release|Any CPU
		{7B507E50-EAE0-4452-9D88-4B064A9C8C25}.Release|Any CPU.Build.0 = Release|Any CPU
		{BBFAA788-DB8B-42F6-9E01-49FE9C4260AB}.Debug|Any CPU.ActiveCfg = Debug|Any CPU
		{BBFAA788-DB8B-42F6-9E01-49FE9C4260AB}.Debug|Any CPU.Build.0 = Debug|Any CPU
		{BBFAA788-DB8B-42F6-9E01-49FE9C4260AB}.Release|Any CPU.ActiveCfg = Release|Any CPU
		{BBFAA788-DB8B-42F6-9E01-49FE9C4260AB}.Release|Any CPU.Build.0 = Release|Any CPU
		{E2BC13ED-48CC-43BF-A9AE-DE11CA980F7D}.Debug|Any CPU.ActiveCfg = Debug|Any CPU
		{E2BC13ED-48CC-43BF-A9AE-DE11CA980F7D}.Debug|Any CPU.Build.0 = Debug|Any CPU
		{E2BC13ED-48CC-43BF-A9AE-DE11CA980F7D}.Release|Any CPU.ActiveCfg = Release|Any CPU
		{E2BC13ED-48CC-43BF-A9AE-DE11CA980F7D}.Release|Any CPU.Build.0 = Release|Any CPU
	EndGlobalSection
	GlobalSection(SolutionProperties) = preSolution
		HideSolutionNode = FALSE
	EndGlobalSection
	GlobalSection(NestedProjects) = preSolution
		{98AF7BE8-40F8-41E8-A538-5D73191B431C} = {02EA681E-C7D8-13C7-8484-4AC65E1B71E8}
		{DB13435B-87AB-4086-82AE-E2CAF89CD7F9} = {02EA681E-C7D8-13C7-8484-4AC65E1B71E8}
		{68205533-2321-4ECB-8FC6-73B4E6095C4D} = {02EA681E-C7D8-13C7-8484-4AC65E1B71E8}
		{03A83170-91D4-4A3F-9DEF-480AF80D3270} = {02EA681E-C7D8-13C7-8484-4AC65E1B71E8}
		{13EE13FB-E1DB-4422-B4B4-2E8F38CB0650} = {02EA681E-C7D8-13C7-8484-4AC65E1B71E8}
		{7B507E50-EAE0-4452-9D88-4B064A9C8C25} = {02EA681E-C7D8-13C7-8484-4AC65E1B71E8}
		{BBFAA788-DB8B-42F6-9E01-49FE9C4260AB} = {AC83C850-6982-47ED-AE90-B331A1BB0185}
		{E2BC13ED-48CC-43BF-A9AE-DE11CA980F7D} = {AC83C850-6982-47ED-AE90-B331A1BB0185}
	EndGlobalSection
	GlobalSection(ExtensibilityGlobals) = postSolution
		SolutionGuid = {BF13C535-12DB-4932-9937-823931CA9D80}
	EndGlobalSection
EndGlobal
